
Microsoft Visual Studio Solution File, Format Version 12.00
# Visual Studio 15
VisualStudioVersion = 15.0.27130.2036
MinimumVisualStudioVersion = 10.0.40219.1
Project("{FAE04EC0-301F-11D3-BF4B-00C04F79EFBC}") = "Infrastructure", "Infrastructure\Infrastructure.csproj", "{5718306E-17CA-4150-9DB8-86909240D847}"
EndProject
Project("{FAE04EC0-301F-11D3-BF4B-00C04F79EFBC}") = "Console GA", "Console GA\Console GA.csproj", "{7E22834A-7C8F-4812-AF09-F9D4008AF321}"
EndProject
Project("{FAE04EC0-301F-11D3-BF4B-00C04F79EFBC}") = "Ansys", "Ansys\Ansys.csproj", "{CA744540-8AB4-408C-9FC9-18E849F42ECC}"
EndProject
Project("{FAE04EC0-301F-11D3-BF4B-00C04F79EFBC}") = "ACT Helper", "Ansys Helper\ACT Helper.csproj", "{9622194E-1210-4E0B-A72D-EAA601CA84AB}"
	ProjectSection(ProjectDependencies) = postProject
		{CA744540-8AB4-408C-9FC9-18E849F42ECC} = {CA744540-8AB4-408C-9FC9-18E849F42ECC}
	EndProjectSection
EndProject
Project("{FAE04EC0-301F-11D3-BF4B-00C04F79EFBC}") = "Matlab Example", "Matlab Example\Matlab Example.csproj", "{8B7577FE-9CC3-4748-A5EF-0E9858949342}"
EndProject
Global
	GlobalSection(SolutionConfigurationPlatforms) = preSolution
		Debug|Any CPU = Debug|Any CPU
		Release|Any CPU = Release|Any CPU
	EndGlobalSection
	GlobalSection(ProjectConfigurationPlatforms) = postSolution
		{5718306E-17CA-4150-9DB8-86909240D847}.Debug|Any CPU.ActiveCfg = Debug|Any CPU
		{5718306E-17CA-4150-9DB8-86909240D847}.Debug|Any CPU.Build.0 = Debug|Any CPU
		{5718306E-17CA-4150-9DB8-86909240D847}.Release|Any CPU.ActiveCfg = Release|Any CPU
		{5718306E-17CA-4150-9DB8-86909240D847}.Release|Any CPU.Build.0 = Release|Any CPU
		{7E22834A-7C8F-4812-AF09-F9D4008AF321}.Debug|Any CPU.ActiveCfg = Debug|Any CPU
		{7E22834A-7C8F-4812-AF09-F9D4008AF321}.Debug|Any CPU.Build.0 = Debug|Any CPU
		{7E22834A-7C8F-4812-AF09-F9D4008AF321}.Release|Any CPU.ActiveCfg = Release|Any CPU
		{7E22834A-7C8F-4812-AF09-F9D4008AF321}.Release|Any CPU.Build.0 = Release|Any CPU
		{CA744540-8AB4-408C-9FC9-18E849F42ECC}.Debug|Any CPU.ActiveCfg = Debug|Any CPU
		{CA744540-8AB4-408C-9FC9-18E849F42ECC}.Debug|Any CPU.Build.0 = Debug|Any CPU
		{CA744540-8AB4-408C-9FC9-18E849F42ECC}.Release|Any CPU.ActiveCfg = Release|Any CPU
		{CA744540-8AB4-408C-9FC9-18E849F42ECC}.Release|Any CPU.Build.0 = Release|Any CPU
		{9622194E-1210-4E0B-A72D-EAA601CA84AB}.Debug|Any CPU.ActiveCfg = Debug|Any CPU
		{9622194E-1210-4E0B-A72D-EAA601CA84AB}.Debug|Any CPU.Build.0 = Debug|Any CPU
		{9622194E-1210-4E0B-A72D-EAA601CA84AB}.Release|Any CPU.ActiveCfg = Release|Any CPU
		{9622194E-1210-4E0B-A72D-EAA601CA84AB}.Release|Any CPU.Build.0 = Release|Any CPU
		{8B7577FE-9CC3-4748-A5EF-0E9858949342}.Debug|Any CPU.ActiveCfg = Debug|Any CPU
		{8B7577FE-9CC3-4748-A5EF-0E9858949342}.Debug|Any CPU.Build.0 = Debug|Any CPU
		{8B7577FE-9CC3-4748-A5EF-0E9858949342}.Release|Any CPU.ActiveCfg = Release|Any CPU
		{8B7577FE-9CC3-4748-A5EF-0E9858949342}.Release|Any CPU.Build.0 = Release|Any CPU
	EndGlobalSection
	GlobalSection(SolutionProperties) = preSolution
		HideSolutionNode = FALSE
	EndGlobalSection
	GlobalSection(ExtensibilityGlobals) = postSolution
		SolutionGuid = {2513FA57-7CAF-4C11-B703-0EFA3011E2FE}
	EndGlobalSection
EndGlobal
